{
  "pins" : [
    {
      "identity" : "helium-ios-sdk",
      "kind" : "remoteSourceControl",
      "location" : "https://github.com/AppcentMobile/helium-ios-sdk.git",
      "state" : {
        "branch" : "main",
        "revision" : "afce09e47fbade612e443cf1775fc8c9a049fafb"
      }
    }
  ],
  "version" : 2
}
