{
  "pins" : [
    {
      "identity" : "helium-ios-sdk",
      "kind" : "remoteSourceControl",
      "location" : "https://github.com/AppcentMobile/helium-ios-sdk.git",
      "state" : {
        "branch" : "main",
        "revision" : "41486875c5ed54076a25bde85a476b13e19a51d5"
      }
    }
  ],
  "version" : 2
}
